
Microsoft Visual Studio Solution File, Format Version 12.00
# Visual Studio 2012
Project("{FAE04EC0-301F-11D3-BF4B-00C04F79EFBC}") = "Infrastructure", "infrastructure\Infrastructure.csproj", "{4C18675E-B42D-43F4-9480-52001CD65E81}"
EndProject
Project("{FAE04EC0-301F-11D3-BF4B-00C04F79EFBC}") = "Infrastructure.Tests", "Infrastructure.Tests\Infrastructure.Tests.csproj", "{9328689D-40B4-47F2-8AA0-375901192ADA}"
EndProject
Project("{FAE04EC0-301F-11D3-BF4B-00C04F79EFBC}") = "Backend", "Backend\Backend.csproj", "{F652EC40-0C7A-4455-B8F7-C27FF98A8BDB}"
EndProject
Project("{FAE04EC0-301F-11D3-BF4B-00C04F79EFBC}") = "Bootstrapper.Tests", "Bootstrapper.Tests\Bootstrapper.Tests.csproj", "{605983FB-154F-42A6-9293-0FA8A8C5E43B}"
EndProject
Project("{FAE04EC0-301F-11D3-BF4B-00C04F79EFBC}") = "Bootstrapper", "Bootstrapper\Bootstrapper.csproj", "{9B029549-926A-4311-B740-986F16A920B3}"
EndProject
Project("{FAE04EC0-301F-11D3-BF4B-00C04F79EFBC}") = "DAL.EF", "DAL.EF\DAL.EF.csproj", "{BE83C039-9AE0-459C-BAC5-3845E7D72C44}"
EndProject
Project("{FAE04EC0-301F-11D3-BF4B-00C04F79EFBC}") = "DAL.EF.Tests", "DAL.EF.Tests\DAL.EF.Tests.csproj", "{669D7092-C938-4640-82C6-50D944F843D0}"
EndProject
Project("{FAE04EC0-301F-11D3-BF4B-00C04F79EFBC}") = "Domain", "Domain\Domain.csproj", "{88D235CD-7F4F-4280-9EDC-8170BE048251}"
EndProject
Project("{FAE04EC0-301F-11D3-BF4B-00C04F79EFBC}") = "Domain.Common", "Domain.Common\Domain.Common.csproj", "{E542D9FB-F67C-43E3-98E7-7AA8C2C54849}"
EndProject
Project("{FAE04EC0-301F-11D3-BF4B-00C04F79EFBC}") = "Application", "Application\Application.csproj", "{22247227-88EB-45DE-A169-6F4219F63A4D}"
EndProject
Project("{FAE04EC0-301F-11D3-BF4B-00C04F79EFBC}") = "Test.Infrastructure", "Test.Infrastructure\Test.Infrastructure.csproj", "{E076A9A4-4589-4EE6-9F43-D38B11F59EE8}"
EndProject
Global
	GlobalSection(SolutionConfigurationPlatforms) = preSolution
		Debug|Any CPU = Debug|Any CPU
		Release|Any CPU = Release|Any CPU
	EndGlobalSection
	GlobalSection(ProjectConfigurationPlatforms) = postSolution
		{4C18675E-B42D-43F4-9480-52001CD65E81}.Debug|Any CPU.ActiveCfg = Debug|Any CPU
		{4C18675E-B42D-43F4-9480-52001CD65E81}.Debug|Any CPU.Build.0 = Debug|Any CPU
		{4C18675E-B42D-43F4-9480-52001CD65E81}.Release|Any CPU.ActiveCfg = Release|Any CPU
		{4C18675E-B42D-43F4-9480-52001CD65E81}.Release|Any CPU.Build.0 = Release|Any CPU
		{9328689D-40B4-47F2-8AA0-375901192ADA}.Debug|Any CPU.ActiveCfg = Debug|Any CPU
		{9328689D-40B4-47F2-8AA0-375901192ADA}.Debug|Any CPU.Build.0 = Debug|Any CPU
		{9328689D-40B4-47F2-8AA0-375901192ADA}.Release|Any CPU.ActiveCfg = Release|Any CPU
		{9328689D-40B4-47F2-8AA0-375901192ADA}.Release|Any CPU.Build.0 = Release|Any CPU
		{F652EC40-0C7A-4455-B8F7-C27FF98A8BDB}.Debug|Any CPU.ActiveCfg = Debug|Any CPU
		{F652EC40-0C7A-4455-B8F7-C27FF98A8BDB}.Debug|Any CPU.Build.0 = Debug|Any CPU
		{F652EC40-0C7A-4455-B8F7-C27FF98A8BDB}.Release|Any CPU.ActiveCfg = Release|Any CPU
		{F652EC40-0C7A-4455-B8F7-C27FF98A8BDB}.Release|Any CPU.Build.0 = Release|Any CPU
		{605983FB-154F-42A6-9293-0FA8A8C5E43B}.Debug|Any CPU.ActiveCfg = Debug|Any CPU
		{605983FB-154F-42A6-9293-0FA8A8C5E43B}.Debug|Any CPU.Build.0 = Debug|Any CPU
		{605983FB-154F-42A6-9293-0FA8A8C5E43B}.Release|Any CPU.ActiveCfg = Release|Any CPU
		{605983FB-154F-42A6-9293-0FA8A8C5E43B}.Release|Any CPU.Build.0 = Release|Any CPU
		{9B029549-926A-4311-B740-986F16A920B3}.Debug|Any CPU.ActiveCfg = Debug|Any CPU
		{9B029549-926A-4311-B740-986F16A920B3}.Debug|Any CPU.Build.0 = Debug|Any CPU
		{9B029549-926A-4311-B740-986F16A920B3}.Release|Any CPU.ActiveCfg = Release|Any CPU
		{9B029549-926A-4311-B740-986F16A920B3}.Release|Any CPU.Build.0 = Release|Any CPU
		{BE83C039-9AE0-459C-BAC5-3845E7D72C44}.Debug|Any CPU.ActiveCfg = Debug|Any CPU
		{BE83C039-9AE0-459C-BAC5-3845E7D72C44}.Debug|Any CPU.Build.0 = Debug|Any CPU
		{BE83C039-9AE0-459C-BAC5-3845E7D72C44}.Release|Any CPU.ActiveCfg = Release|Any CPU
		{BE83C039-9AE0-459C-BAC5-3845E7D72C44}.Release|Any CPU.Build.0 = Release|Any CPU
		{669D7092-C938-4640-82C6-50D944F843D0}.Debug|Any CPU.ActiveCfg = Debug|Any CPU
		{669D7092-C938-4640-82C6-50D944F843D0}.Debug|Any CPU.Build.0 = Debug|Any CPU
		{669D7092-C938-4640-82C6-50D944F843D0}.Release|Any CPU.ActiveCfg = Release|Any CPU
		{669D7092-C938-4640-82C6-50D944F843D0}.Release|Any CPU.Build.0 = Release|Any CPU
		{88D235CD-7F4F-4280-9EDC-8170BE048251}.Debug|Any CPU.ActiveCfg = Debug|Any CPU
		{88D235CD-7F4F-4280-9EDC-8170BE048251}.Debug|Any CPU.Build.0 = Debug|Any CPU
		{88D235CD-7F4F-4280-9EDC-8170BE048251}.Release|Any CPU.ActiveCfg = Release|Any CPU
		{88D235CD-7F4F-4280-9EDC-8170BE048251}.Release|Any CPU.Build.0 = Release|Any CPU
		{E542D9FB-F67C-43E3-98E7-7AA8C2C54849}.Debug|Any CPU.ActiveCfg = Debug|Any CPU
		{E542D9FB-F67C-43E3-98E7-7AA8C2C54849}.Debug|Any CPU.Build.0 = Debug|Any CPU
		{E542D9FB-F67C-43E3-98E7-7AA8C2C54849}.Release|Any CPU.ActiveCfg = Release|Any CPU
		{E542D9FB-F67C-43E3-98E7-7AA8C2C54849}.Release|Any CPU.Build.0 = Release|Any CPU
		{22247227-88EB-45DE-A169-6F4219F63A4D}.Debug|Any CPU.ActiveCfg = Debug|Any CPU
		{22247227-88EB-45DE-A169-6F4219F63A4D}.Debug|Any CPU.Build.0 = Debug|Any CPU
		{22247227-88EB-45DE-A169-6F4219F63A4D}.Release|Any CPU.ActiveCfg = Release|Any CPU
		{22247227-88EB-45DE-A169-6F4219F63A4D}.Release|Any CPU.Build.0 = Release|Any CPU
		{E076A9A4-4589-4EE6-9F43-D38B11F59EE8}.Debug|Any CPU.ActiveCfg = Debug|Any CPU
		{E076A9A4-4589-4EE6-9F43-D38B11F59EE8}.Debug|Any CPU.Build.0 = Debug|Any CPU
		{E076A9A4-4589-4EE6-9F43-D38B11F59EE8}.Release|Any CPU.ActiveCfg = Release|Any CPU
		{E076A9A4-4589-4EE6-9F43-D38B11F59EE8}.Release|Any CPU.Build.0 = Release|Any CPU
	EndGlobalSection
	GlobalSection(SolutionProperties) = preSolution
		HideSolutionNode = FALSE
	EndGlobalSection
EndGlobal
